// !$*UTF8*$!
{
	archiveVersion = 1;
	classes = {
	};
	objectVersion = 50;
	objects = {

/* Begin PBXBuildFile section */
		403DFA1E215F02EA000FAC45 /* AppDelegate.swift in Sources */ = {isa = PBXBuildFile; fileRef = 403DFA1D215F02EA000FAC45 /* AppDelegate.swift */; };
		403DFA20215F02EA000FAC45 /* ViewController.swift in Sources */ = {isa = PBXBuildFile; fileRef = 403DFA1F215F02EA000FAC45 /* ViewController.swift */; };
		403DFA23215F02EA000FAC45 /* Main.storyboard in Resources */ = {isa = PBXBuildFile; fileRef = 403DFA21215F02EA000FAC45 /* Main.storyboard */; };
		403DFA25215F02EF000FAC45 /* Assets.xcassets in Resources */ = {isa = PBXBuildFile; fileRef = 403DFA24215F02EF000FAC45 /* Assets.xcassets */; };
		403DFA28215F02EF000FAC45 /* LaunchScreen.storyboard in Resources */ = {isa = PBXBuildFile; fileRef = 403DFA26215F02EF000FAC45 /* LaunchScreen.storyboard */; };
		403DFA33215F02EF000FAC45 /* BullsEyeTests.swift in Sources */ = {isa = PBXBuildFile; fileRef = 403DFA32215F02EF000FAC45 /* BullsEyeTests.swift */; };
		403DFA3E215F02EF000FAC45 /* BullsEyeUITests.swift in Sources */ = {isa = PBXBuildFile; fileRef = 403DFA3D215F02EF000FAC45 /* BullsEyeUITests.swift */; };
		403DFA4C215F47A5000FAC45 /* AboutViewController.swift in Sources */ = {isa = PBXBuildFile; fileRef = 403DFA4B215F47A4000FAC45 /* AboutViewController.swift */; };
		40795D7121601414009518C6 /* RulesViewController.swift in Sources */ = {isa = PBXBuildFile; fileRef = 40795D7021601414009518C6 /* RulesViewController.swift */; };
/* End PBXBuildFile section */

/* Begin PBXContainerItemProxy section */
		403DFA2F215F02EF000FAC45 /* PBXContainerItemProxy */ = {
			isa = PBXContainerItemProxy;
			containerPortal = 403DFA12215F02EA000FAC45 /* Project object */;
			proxyType = 1;
			remoteGlobalIDString = 403DFA19215F02EA000FAC45;
			remoteInfo = BullsEye;
		};
		403DFA3A215F02EF000FAC45 /* PBXContainerItemProxy */ = {
			isa = PBXContainerItemProxy;
			containerPortal = 403DFA12215F02EA000FAC45 /* Project object */;
			proxyType = 1;
			remoteGlobalIDString = 403DFA19215F02EA000FAC45;
			remoteInfo = BullsEye;
		};
/* End PBXContainerItemProxy section */

/* Begin PBXFileReference section */
		403DFA1A215F02EA000FAC45 /* BullsEye.app */ = {isa = PBXFileReference; explicitFileType = wrapper.application; includeInIndex = 0; path = BullsEye.app; sourceTree = BUILT_PRODUCTS_DIR; };
		403DFA1D215F02EA000FAC45 /* AppDelegate.swift */ = {isa = PBXFileReference; lastKnownFileType = sourcecode.swift; path = AppDelegate.swift; sourceTree = "<group>"; };
		403DFA1F215F02EA000FAC45 /* ViewController.swift */ = {isa = PBXFileReference; lastKnownFileType = sourcecode.swift; path = ViewController.swift; sourceTree = "<group>"; };
		403DFA22215F02EA000FAC45 /* Base */ = {isa = PBXFileReference; lastKnownFileType = file.storyboard; name = Base; path = Base.lproj/Main.storyboard; sourceTree = "<group>"; };
		403DFA24215F02EF000FAC45 /* Assets.xcassets */ = {isa = PBXFileReference; lastKnownFileType = folder.assetcatalog; path = Assets.xcassets; sourceTree = "<group>"; };
		403DFA27215F02EF000FAC45 /* Base */ = {isa = PBXFileReference; lastKnownFileType = file.storyboard; name = Base; path = Base.lproj/LaunchScreen.storyboard; sourceTree = "<group>"; };
		403DFA29215F02EF000FAC45 /* Info.plist */ = {isa = PBXFileReference; lastKnownFileType = text.plist.xml; path = Info.plist; sourceTree = "<group>"; };
		403DFA2E215F02EF000FAC45 /* BullsEyeTests.xctest */ = {isa = PBXFileReference; explicitFileType = wrapper.cfbundle; includeInIndex = 0; path = BullsEyeTests.xctest; sourceTree = BUILT_PRODUCTS_DIR; };
		403DFA32215F02EF000FAC45 /* BullsEyeTests.swift */ = {isa = PBXFileReference; lastKnownFileType = sourcecode.swift; path = BullsEyeTests.swift; sourceTree = "<group>"; };
		403DFA34215F02EF000FAC45 /* Info.plist */ = {isa = PBXFileReference; lastKnownFileType = text.plist.xml; path = Info.plist; sourceTree = "<group>"; };
		403DFA39215F02EF000FAC45 /* BullsEyeUITests.xctest */ = {isa = PBXFileReference; explicitFileType = wrapper.cfbundle; includeInIndex = 0; path = BullsEyeUITests.xctest; sourceTree = BUILT_PRODUCTS_DIR; };
		403DFA3D215F02EF000FAC45 /* BullsEyeUITests.swift */ = {isa = PBXFileReference; lastKnownFileType = sourcecode.swift; path = BullsEyeUITests.swift; sourceTree = "<group>"; };
		403DFA3F215F02EF000FAC45 /* Info.plist */ = {isa = PBXFileReference; lastKnownFileType = text.plist.xml; path = Info.plist; sourceTree = "<group>"; };
		403DFA4B215F47A4000FAC45 /* AboutViewController.swift */ = {isa = PBXFileReference; lastKnownFileType = sourcecode.swift; path = AboutViewController.swift; sourceTree = "<group>"; };
		40795D7021601414009518C6 /* RulesViewController.swift */ = {isa = PBXFileReference; lastKnownFileType = sourcecode.swift; path = RulesViewController.swift; sourceTree = "<group>"; };
/* End PBXFileReference section */

/* Begin PBXFrameworksBuildPhase section */
		403DFA17215F02EA000FAC45 /* Frameworks */ = {
			isa = PBXFrameworksBuildPhase;
			buildActionMask = 2147483647;
			files = (
			);
			runOnlyForDeploymentPostprocessing = 0;
		};
		403DFA2B215F02EF000FAC45 /* Frameworks */ = {
			isa = PBXFrameworksBuildPhase;
			buildActionMask = 2147483647;
			files = (
			);
			runOnlyForDeploymentPostprocessing = 0;
		};
		403DFA36215F02EF000FAC45 /* Frameworks */ = {
			isa = PBXFrameworksBuildPhase;
			buildActionMask = 2147483647;
			files = (
			);
			runOnlyForDeploymentPostprocessing = 0;
		};
/* End PBXFrameworksBuildPhase section */

/* Begin PBXGroup section */
		403DFA11215F02EA000FAC45 = {
			isa = PBXGroup;
			children = (
				403DFA1C215F02EA000FAC45 /* BullsEye */,
				403DFA31215F02EF000FAC45 /* BullsEyeTests */,
				403DFA3C215F02EF000FAC45 /* BullsEyeUITests */,
				403DFA1B215F02EA000FAC45 /* Products */,
			);
			sourceTree = "<group>";
		};
		403DFA1B215F02EA000FAC45 /* Products */ = {
			isa = PBXGroup;
			children = (
				403DFA1A215F02EA000FAC45 /* BullsEye.app */,
				403DFA2E215F02EF000FAC45 /* BullsEyeTests.xctest */,
				403DFA39215F02EF000FAC45 /* BullsEyeUITests.xctest */,
			);
			name = Products;
			sourceTree = "<group>";
		};
		403DFA1C215F02EA000FAC45 /* BullsEye */ = {
			isa = PBXGroup;
			children = (
				403DFA1D215F02EA000FAC45 /* AppDelegate.swift */,
				403DFA1F215F02EA000FAC45 /* ViewController.swift */,
				403DFA4B215F47A4000FAC45 /* AboutViewController.swift */,
				403DFA21215F02EA000FAC45 /* Main.storyboard */,
				403DFA24215F02EF000FAC45 /* Assets.xcassets */,
				403DFA26215F02EF000FAC45 /* LaunchScreen.storyboard */,
				403DFA29215F02EF000FAC45 /* Info.plist */,
				40795D7021601414009518C6 /* RulesViewController.swift */,
			);
			path = BullsEye;
			sourceTree = "<group>";
		};
		403DFA31215F02EF000FAC45 /* BullsEyeTests */ = {
			isa = PBXGroup;
			children = (
				403DFA32215F02EF000FAC45 /* BullsEyeTests.swift */,
				403DFA34215F02EF000FAC45 /* Info.plist */,
			);
			path = BullsEyeTests;
			sourceTree = "<group>";
		};
		403DFA3C215F02EF000FAC45 /* BullsEyeUITests */ = {
			isa = PBXGroup;
			children = (
				403DFA3D215F02EF000FAC45 /* BullsEyeUITests.swift */,
				403DFA3F215F02EF000FAC45 /* Info.plist */,
			);
			path = BullsEyeUITests;
			sourceTree = "<group>";
		};
/* End PBXGroup section */

/* Begin PBXNativeTarget section */
		403DFA19215F02EA000FAC45 /* BullsEye */ = {
			isa = PBXNativeTarget;
			buildConfigurationList = 403DFA42215F02EF000FAC45 /* Build configuration list for PBXNativeTarget "BullsEye" */;
			buildPhases = (
				403DFA16215F02EA000FAC45 /* Sources */,
				403DFA17215F02EA000FAC45 /* Frameworks */,
				403DFA18215F02EA000FAC45 /* Resources */,
			);
			buildRules = (
			);
			dependencies = (
			);
			name = BullsEye;
			productName = BullsEye;
			productReference = 403DFA1A215F02EA000FAC45 /* BullsEye.app */;
			productType = "com.apple.product-type.application";
		};
		403DFA2D215F02EF000FAC45 /* BullsEyeTests */ = {
			isa = PBXNativeTarget;
			buildConfigurationList = 403DFA45215F02EF000FAC45 /* Build configuration list for PBXNativeTarget "BullsEyeTests" */;
			buildPhases = (
				403DFA2A215F02EF000FAC45 /* Sources */,
				403DFA2B215F02EF000FAC45 /* Frameworks */,
				403DFA2C215F02EF000FAC45 /* Resources */,
			);
			buildRules = (
			);
			dependencies = (
				403DFA30215F02EF000FAC45 /* PBXTargetDependency */,
			);
			name = BullsEyeTests;
			productName = BullsEyeTests;
			productReference = 403DFA2E215F02EF000FAC45 /* BullsEyeTests.xctest */;
			productType = "com.apple.product-type.bundle.unit-test";
		};
		403DFA38215F02EF000FAC45 /* BullsEyeUITests */ = {
			isa = PBXNativeTarget;
			buildConfigurationList = 403DFA48215F02EF000FAC45 /* Build configuration list for PBXNativeTarget "BullsEyeUITests" */;
			buildPhases = (
				403DFA35215F02EF000FAC45 /* Sources */,
				403DFA36215F02EF000FAC45 /* Frameworks */,
				403DFA37215F02EF000FAC45 /* Resources */,
			);
			buildRules = (
			);
			dependencies = (
				403DFA3B215F02EF000FAC45 /* PBXTargetDependency */,
			);
			name = BullsEyeUITests;
			productName = BullsEyeUITests;
			productReference = 403DFA39215F02EF000FAC45 /* BullsEyeUITests.xctest */;
			productType = "com.apple.product-type.bundle.ui-testing";
		};
/* End PBXNativeTarget section */

/* Begin PBXProject section */
		403DFA12215F02EA000FAC45 /* Project object */ = {
			isa = PBXProject;
			attributes = {
				LastSwiftUpdateCheck = 1000;
				LastUpgradeCheck = 1000;
				ORGANIZATIONNAME = "Danilo Ramos";
				TargetAttributes = {
					403DFA19215F02EA000FAC45 = {
						CreatedOnToolsVersion = 10.0;
					};
					403DFA2D215F02EF000FAC45 = {
						CreatedOnToolsVersion = 10.0;
						TestTargetID = 403DFA19215F02EA000FAC45;
					};
					403DFA38215F02EF000FAC45 = {
						CreatedOnToolsVersion = 10.0;
						TestTargetID = 403DFA19215F02EA000FAC45;
					};
				};
			};
			buildConfigurationList = 403DFA15215F02EA000FAC45 /* Build configuration list for PBXProject "BullsEye" */;
			compatibilityVersion = "Xcode 9.3";
			developmentRegion = en;
			hasScannedForEncodings = 0;
			knownRegions = (
				en,
				Base,
			);
			mainGroup = 403DFA11215F02EA000FAC45;
			productRefGroup = 403DFA1B215F02EA000FAC45 /* Products */;
			projectDirPath = "";
			projectRoot = "";
			targets = (
				403DFA19215F02EA000FAC45 /* BullsEye */,
				403DFA2D215F02EF000FAC45 /* BullsEyeTests */,
				403DFA38215F02EF000FAC45 /* BullsEyeUITests */,
			);
		};
/* End PBXProject section */

/* Begin PBXResourcesBuildPhase section */
		403DFA18215F02EA000FAC45 /* Resources */ = {
			isa = PBXResourcesBuildPhase;
			buildActionMask = 2147483647;
			files = (
				403DFA28215F02EF000FAC45 /* LaunchScreen.storyboard in Resources */,
				403DFA25215F02EF000FAC45 /* Assets.xcassets in Resources */,
				403DFA23215F02EA000FAC45 /* Main.storyboard in Resources */,
			);
			runOnlyForDeploymentPostprocessing = 0;
		};
		403DFA2C215F02EF000FAC45 /* Resources */ = {
			isa = PBXResourcesBuildPhase;
			buildActionMask = 2147483647;
			files = (
			);
			runOnlyForDeploymentPostprocessing = 0;
		};
		403DFA37215F02EF000FAC45 /* Resources */ = {
			isa = PBXResourcesBuildPhase;
			buildActionMask = 2147483647;
			files = (
			);
			runOnlyForDeploymentPostprocessing = 0;
		};
/* End PBXResourcesBuildPhase section */

/* Begin PBXSourcesBuildPhase section */
		403DFA16215F02EA000FAC45 /* Sources */ = {
			isa = PBXSourcesBuildPhase;
			buildActionMask = 2147483647;
			files = (
				403DFA4C215F47A5000FAC45 /* AboutViewController.swift in Sources */,
				403DFA20215F02EA000FAC45 /* ViewController.swift in Sources */,
				40795D7121601414009518C6 /* RulesViewController.swift in Sources */,
				403DFA1E215F02EA000FAC45 /* AppDelegate.swift in Sources */,
			);
			runOnlyForDeploymentPostprocessing = 0;
		};
		403DFA2A215F02EF000FAC45 /* Sources */ = {
			isa = PBXSourcesBuildPhase;
			buildActionMask = 2147483647;
			files = (
				403DFA33215F02EF000FAC45 /* BullsEyeTests.swift in Sources */,
			);
			runOnlyForDeploymentPostprocessing = 0;
		};
		403DFA35215F02EF000FAC45 /* Sources */ = {
			isa = PBXSourcesBuildPhase;
			buildActionMask = 2147483647;
			files = (
				403DFA3E215F02EF000FAC45 /* BullsEyeUITests.swift in Sources */,
			);
			runOnlyForDeploymentPostprocessing = 0;
		};
/* End PBXSourcesBuildPhase section */

/* Begin PBXTargetDependency section */
		403DFA30215F02EF000FAC45 /* PBXTargetDependency */ = {
			isa = PBXTargetDependency;
			target = 403DFA19215F02EA000FAC45 /* BullsEye */;
			targetProxy = 403DFA2F215F02EF000FAC45 /* PBXContainerItemProxy */;
		};
		403DFA3B215F02EF000FAC45 /* PBXTargetDependency */ = {
			isa = PBXTargetDependency;
			target = 403DFA19215F02EA000FAC45 /* BullsEye */;
			targetProxy = 403DFA3A215F02EF000FAC45 /* PBXContainerItemProxy */;
		};
/* End PBXTargetDependency section */

/* Begin PBXVariantGroup section */
		403DFA21215F02EA000FAC45 /* Main.storyboard */ = {
			isa = PBXVariantGroup;
			children = (
				403DFA22215F02EA000FAC45 /* Base */,
			);
			name = Main.storyboard;
			sourceTree = "<group>";
		};
		403DFA26215F02EF000FAC45 /* LaunchScreen.storyboard */ = {
			isa = PBXVariantGroup;
			children = (
				403DFA27215F02EF000FAC45 /* Base */,
			);
			name = LaunchScreen.storyboard;
			sourceTree = "<group>";
		};
/* End PBXVariantGroup section */

/* Begin XCBuildConfiguration section */
		403DFA40215F02EF000FAC45 /* Debug */ = {
			isa = XCBuildConfiguration;
			buildSettings = {
				ALWAYS_SEARCH_USER_PATHS = NO;
				CLANG_ANALYZER_NONNULL = YES;
				CLANG_ANALYZER_NUMBER_OBJECT_CONVERSION = YES_AGGRESSIVE;
				CLANG_CXX_LANGUAGE_STANDARD = "gnu++14";
				CLANG_CXX_LIBRARY = "libc++";
				CLANG_ENABLE_MODULES = YES;
				CLANG_ENABLE_OBJC_ARC = YES;
				CLANG_ENABLE_OBJC_WEAK = YES;
				CLANG_WARN_BLOCK_CAPTURE_AUTORELEASING = YES;
				CLANG_WARN_BOOL_CONVERSION = YES;
				CLANG_WARN_COMMA = YES;
				CLANG_WARN_CONSTANT_CONVERSION = YES;
				CLANG_WARN_DEPRECATED_OBJC_IMPLEMENTATIONS = YES;
				CLANG_WARN_DIRECT_OBJC_ISA_USAGE = YES_ERROR;
				CLANG_WARN_DOCUMENTATION_COMMENTS = YES;
				CLANG_WARN_EMPTY_BODY = YES;
				CLANG_WARN_ENUM_CONVERSION = YES;
				CLANG_WARN_INFINITE_RECURSION = YES;
				CLANG_WARN_INT_CONVERSION = YES;
				CLANG_WARN_NON_LITERAL_NULL_CONVERSION = YES;
				CLANG_WARN_OBJC_IMPLICIT_RETAIN_SELF = YES;
				CLANG_WARN_OBJC_LITERAL_CONVERSION = YES;
				CLANG_WARN_OBJC_ROOT_CLASS = YES_ERROR;
				CLANG_WARN_RANGE_LOOP_ANALYSIS = YES;
				CLANG_WARN_STRICT_PROTOTYPES = YES;
				CLANG_WARN_SUSPICIOUS_MOVE = YES;
				CLANG_WARN_UNGUARDED_AVAILABILITY = YES_AGGRESSIVE;
				CLANG_WARN_UNREACHABLE_CODE = YES;
				CLANG_WARN__DUPLICATE_METHOD_MATCH = YES;
				CODE_SIGN_IDENTITY = "iPhone Developer";
				COPY_PHASE_STRIP = NO;
				DEBUG_INFORMATION_FORMAT = dwarf;
				ENABLE_STRICT_OBJC_MSGSEND = YES;
				ENABLE_TESTABILITY = YES;
				GCC_C_LANGUAGE_STANDARD = gnu11;
				GCC_DYNAMIC_NO_PIC = NO;
				GCC_NO_COMMON_BLOCKS = YES;
				GCC_OPTIMIZATION_LEVEL = 0;
				GCC_PREPROCESSOR_DEFINITIONS = (
					"DEBUG=1",
					"$(inherited)",
				);
				GCC_WARN_64_TO_32_BIT_CONVERSION = YES;
				GCC_WARN_ABOUT_RETURN_TYPE = YES_ERROR;
				GCC_WARN_UNDECLARED_SELECTOR = YES;
				GCC_WARN_UNINITIALIZED_AUTOS = YES_AGGRESSIVE;
				GCC_WARN_UNUSED_FUNCTION = YES;
				GCC_WARN_UNUSED_VARIABLE = YES;
				IPHONEOS_DEPLOYMENT_TARGET = 12.0;
				MTL_ENABLE_DEBUG_INFO = INCLUDE_SOURCE;
				MTL_FAST_MATH = YES;
				ONLY_ACTIVE_ARCH = YES;
				SDKROOT = iphoneos;
				SWIFT_ACTIVE_COMPILATION_CONDITIONS = DEBUG;
				SWIFT_OPTIMIZATION_LEVEL = "-Onone";
			};
			name = Debug;
		};
		403DFA41215F02EF000FAC45 /* Release */ = {
			isa = XCBuildConfiguration;
			buildSettings = {
				ALWAYS_SEARCH_USER_PATHS = NO;
				CLANG_ANALYZER_NONNULL = YES;
				CLANG_ANALYZER_NUMBER_OBJECT_CONVERSION = YES_AGGRESSIVE;
				CLANG_CXX_LANGUAGE_STANDARD = "gnu++14";
				CLANG_CXX_LIBRARY = "libc++";
				CLANG_ENABLE_MODULES = YES;
				CLANG_ENABLE_OBJC_ARC = YES;
				CLANG_ENABLE_OBJC_WEAK = YES;
				CLANG_WARN_BLOCK_CAPTURE_AUTORELEASING = YES;
				CLANG_WARN_BOOL_CONVERSION = YES;
				CLANG_WARN_COMMA = YES;
				CLANG_WARN_CONSTANT_CONVERSION = YES;
				CLANG_WARN_DEPRECATED_OBJC_IMPLEMENTATIONS = YES;
				CLANG_WARN_DIRECT_OBJC_ISA_USAGE = YES_ERROR;
				CLANG_WARN_DOCUMENTATION_COMMENTS = YES;
				CLANG_WARN_EMPTY_BODY = YES;
				CLANG_WARN_ENUM_CONVERSION = YES;
				CLANG_WARN_INFINITE_RECURSION = YES;
				CLANG_WARN_INT_CONVERSION = YES;
				CLANG_WARN_NON_LITERAL_NULL_CONVERSION = YES;
				CLANG_WARN_OBJC_IMPLICIT_RETAIN_SELF = YES;
				CLANG_WARN_OBJC_LITERAL_CONVERSION = YES;
				CLANG_WARN_OBJC_ROOT_CLASS = YES_ERROR;
				CLANG_WARN_RANGE_LOOP_ANALYSIS = YES;
				CLANG_WARN_STRICT_PROTOTYPES = YES;
				CLANG_WARN_SUSPICIOUS_MOVE = YES;
				CLANG_WARN_UNGUARDED_AVAILABILITY = YES_AGGRESSIVE;
				CLANG_WARN_UNREACHABLE_CODE = YES;
				CLANG_WARN__DUPLICATE_METHOD_MATCH = YES;
				CODE_SIGN_IDENTITY = "iPhone Developer";
				COPY_PHASE_STRIP = NO;
				DEBUG_INFORMATION_FORMAT = "dwarf-with-dsym";
				ENABLE_NS_ASSERTIONS = NO;
				ENABLE_STRICT_OBJC_MSGSEND = YES;
				GCC_C_LANGUAGE_STANDARD = gnu11;
				GCC_NO_COMMON_BLOCKS = YES;
				GCC_WARN_64_TO_32_BIT_CONVERSION = YES;
				GCC_WARN_ABOUT_RETURN_TYPE = YES_ERROR;
				GCC_WARN_UNDECLARED_SELECTOR = YES;
				GCC_WARN_UNINITIALIZED_AUTOS = YES_AGGRESSIVE;
				GCC_WARN_UNUSED_FUNCTION = YES;
				GCC_WARN_UNUSED_VARIABLE = YES;
				IPHONEOS_DEPLOYMENT_TARGET = 12.0;
				MTL_ENABLE_DEBUG_INFO = NO;
				MTL_FAST_MATH = YES;
				SDKROOT = iphoneos;
				SWIFT_COMPILATION_MODE = wholemodule;
				SWIFT_OPTIMIZATION_LEVEL = "-O";
				VALIDATE_PRODUCT = YES;
			};
			name = Release;
		};
		403DFA43215F02EF000FAC45 /* Debug */ = {
			isa = XCBuildConfiguration;
			buildSettings = {
				ASSETCATALOG_COMPILER_APPICON_NAME = AppIcon;
				CODE_SIGN_STYLE = Automatic;
				INFOPLIST_FILE = BullsEye/Info.plist;
				IPHONEOS_DEPLOYMENT_TARGET = 12.0;
				LD_RUNPATH_SEARCH_PATHS = (
					"$(inherited)",
					"@executable_path/Frameworks",
				);
				PRODUCT_BUNDLE_IDENTIFIER = com.dgaramos.BullsEye;
				PRODUCT_NAME = "$(TARGET_NAME)";
				SWIFT_VERSION = 4.2;
				TARGETED_DEVICE_FAMILY = "1,2";
			};
			name = Debug;
		};
		403DFA44215F02EF000FAC45 /* Release */ = {
			isa = XCBuildConfiguration;
			buildSettings = {
				ASSETCATALOG_COMPILER_APPICON_NAME = AppIcon;
				CODE_SIGN_STYLE = Automatic;
				INFOPLIST_FILE = BullsEye/Info.plist;
				IPHONEOS_DEPLOYMENT_TARGET = 12.0;
				LD_RUNPATH_SEARCH_PATHS = (
					"$(inherited)",
					"@executable_path/Frameworks",
				);
				PRODUCT_BUNDLE_IDENTIFIER = com.dgaramos.BullsEye;
				PRODUCT_NAME = "$(TARGET_NAME)";
				SWIFT_VERSION = 4.2;
				TARGETED_DEVICE_FAMILY = "1,2";
			};
			name = Release;
		};
		403DFA46215F02EF000FAC45 /* Debug */ = {
			isa = XCBuildConfiguration;
			buildSettings = {
				ALWAYS_EMBED_SWIFT_STANDARD_LIBRARIES = YES;
				BUNDLE_LOADER = "$(TEST_HOST)";
				CODE_SIGN_STYLE = Automatic;
				INFOPLIST_FILE = BullsEyeTests/Info.plist;
				LD_RUNPATH_SEARCH_PATHS = (
					"$(inherited)",
					"@executable_path/Frameworks",
					"@loader_path/Frameworks",
				);
				PRODUCT_BUNDLE_IDENTIFIER = com.dgaramos.BullsEyeTests;
				PRODUCT_NAME = "$(TARGET_NAME)";
				SWIFT_VERSION = 4.2;
				TARGETED_DEVICE_FAMILY = "1,2";
				TEST_HOST = "$(BUILT_PRODUCTS_DIR)/BullsEye.app/BullsEye";
			};
			name = Debug;
		};
		403DFA47215F02EF000FAC45 /* Release */ = {
			isa = XCBuildConfiguration;
			buildSettings = {
				ALWAYS_EMBED_SWIFT_STANDARD_LIBRARIES = YES;
				BUNDLE_LOADER = "$(TEST_HOST)";
				CODE_SIGN_STYLE = Automatic;
				INFOPLIST_FILE = BullsEyeTests/Info.plist;
				LD_RUNPATH_SEARCH_PATHS = (
					"$(inherited)",
					"@executable_path/Frameworks",
					"@loader_path/Frameworks",
				);
				PRODUCT_BUNDLE_IDENTIFIER = com.dgaramos.BullsEyeTests;
				PRODUCT_NAME = "$(TARGET_NAME)";
				SWIFT_VERSION = 4.2;
				TARGETED_DEVICE_FAMILY = "1,2";
				TEST_HOST = "$(BUILT_PRODUCTS_DIR)/BullsEye.app/BullsEye";
			};
			name = Release;
		};
		403DFA49215F02EF000FAC45 /* Debug */ = {
			isa = XCBuildConfiguration;
			buildSettings = {
				ALWAYS_EMBED_SWIFT_STANDARD_LIBRARIES = YES;
				CODE_SIGN_STYLE = Automatic;
				INFOPLIST_FILE = BullsEyeUITests/Info.plist;
				LD_RUNPATH_SEARCH_PATHS = (
					"$(inherited)",
					"@executable_path/Frameworks",
					"@loader_path/Frameworks",
				);
				PRODUCT_BUNDLE_IDENTIFIER = com.dgaramos.BullsEyeUITests;
				PRODUCT_NAME = "$(TARGET_NAME)";
				SWIFT_VERSION = 4.2;
				TARGETED_DEVICE_FAMILY = "1,2";
				TEST_TARGET_NAME = BullsEye;
			};
			name = Debug;
		};
		403DFA4A215F02EF000FAC45 /* Release */ = {
			isa = XCBuildConfiguration;
			buildSettings = {
				ALWAYS_EMBED_SWIFT_STANDARD_LIBRARIES = YES;
				CODE_SIGN_STYLE = Automatic;
				INFOPLIST_FILE = BullsEyeUITests/Info.plist;
				LD_RUNPATH_SEARCH_PATHS = (
					"$(inherited)",
					"@executable_path/Frameworks",
					"@loader_path/Frameworks",
				);
				PRODUCT_BUNDLE_IDENTIFIER = com.dgaramos.BullsEyeUITests;
				PRODUCT_NAME = "$(TARGET_NAME)";
				SWIFT_VERSION = 4.2;
				TARGETED_DEVICE_FAMILY = "1,2";
				TEST_TARGET_NAME = BullsEye;
			};
			name = Release;
		};
/* End XCBuildConfiguration section */

/* Begin XCConfigurationList section */
		403DFA15215F02EA000FAC45 /* Build configuration list for PBXProject "BullsEye" */ = {
			isa = XCConfigurationList;
			buildConfigurations = (
				403DFA40215F02EF000FAC45 /* Debug */,
				403DFA41215F02EF000FAC45 /* Release */,
			);
			defaultConfigurationIsVisible = 0;
			defaultConfigurationName = Release;
		};
		403DFA42215F02EF000FAC45 /* Build configuration list for PBXNativeTarget "BullsEye" */ = {
			isa = XCConfigurationList;
			buildConfigurations = (
				403DFA43215F02EF000FAC45 /* Debug */,
				403DFA44215F02EF000FAC45 /* Release */,
			);
			defaultConfigurationIsVisible = 0;
			defaultConfigurationName = Release;
		};
		403DFA45215F02EF000FAC45 /* Build configuration list for PBXNativeTarget "BullsEyeTests" */ = {
			isa = XCConfigurationList;
			buildConfigurations = (
				403DFA46215F02EF000FAC45 /* Debug */,
				403DFA47215F02EF000FAC45 /* Release */,
			);
			defaultConfigurationIsVisible = 0;
			defaultConfigurationName = Release;
		};
		403DFA48215F02EF000FAC45 /* Build configuration list for PBXNativeTarget "BullsEyeUITests" */ = {
			isa = XCConfigurationList;
			buildConfigurations = (
				403DFA49215F02EF000FAC45 /* Debug */,
				403DFA4A215F02EF000FAC45 /* Release */,
			);
			defaultConfigurationIsVisible = 0;
			defaultConfigurationName = Release;
		};
/* End XCConfigurationList section */
	};
	rootObject = 403DFA12215F02EA000FAC45 /* Project object */;
}
